
Microsoft Visual Studio Solution File, Format Version 12.00
# Visual Studio Version 16
VisualStudioVersion = 16.0.30907.101
MinimumVisualStudioVersion = 10.0.40219.1
Project("{FAE04EC0-301F-11D3-BF4B-00C04F79EFBC}") = "CollisionTesting", "CollisionTesting.csproj", "{0CD588C0-B9D3-4C38-AE55-DB657BCBCA24}"
EndProject
Global
	GlobalSection(SolutionConfigurationPlatforms) = preSolution
		Debug|Any CPU = Debug|Any CPU
		Release|Any CPU = Release|Any CPU
	EndGlobalSection
	GlobalSection(ProjectConfigurationPlatforms) = postSolution
		{0CD588C0-B9D3-4C38-AE55-DB657BCBCA24}.Debug|Any CPU.ActiveCfg = Debug|Any CPU
		{0CD588C0-B9D3-4C38-AE55-DB657BCBCA24}.Debug|Any CPU.Build.0 = Debug|Any CPU
		{0CD588C0-B9D3-4C38-AE55-DB657BCBCA24}.Release|Any CPU.ActiveCfg = Release|Any CPU
		{0CD588C0-B9D3-4C38-AE55-DB657BCBCA24}.Release|Any CPU.Build.0 = Release|Any CPU
	EndGlobalSection
	GlobalSection(SolutionProperties) = preSolution
		HideSolutionNode = FALSE
	EndGlobalSection
	GlobalSection(ExtensibilityGlobals) = postSolution
		SolutionGuid = {C1AE4984-C0E0-4DA9-8383-C454A08CE1FD}
	EndGlobalSection
EndGlobal
